// !$*UTF8*$!
{
	archiveVersion = 1;
	classes = {
	};
	objectVersion = 70;
	objects = {

/* Begin PBXBuildFile section */
		CEF237832A2B17A000E152F8 /* cycript_server.m in Sources */ = {isa = PBXBuildFile; fileRef = CEF2377F2A2B0ED300E152F8 /* cycript_server.m */; };
/* End PBXBuildFile section */

/* Begin PBXContainerItemProxy section */
		5F7788402D41206000DC18F6 /* PBXContainerItemProxy */ = {
			isa = PBXContainerItemProxy;
			containerPortal = CE3283222A21E19500A0395D /* Project object */;
			proxyType = 1;
			remoteGlobalIDString = CE3283412A21E8D300A0395D;
			remoteInfo = "cycript-wrapper";
		};
		CEF2377B2A2B0E9800E152F8 /* PBXContainerItemProxy */ = {
			isa = PBXContainerItemProxy;
			containerPortal = CE3283222A21E19500A0395D /* Project object */;
			proxyType = 1;
			remoteGlobalIDString = CEF237732A2B0E8400E152F8;
			remoteInfo = "cycript-server-host";
		};
		CEF2377D2A2B0EA400E152F8 /* PBXContainerItemProxy */ = {
			isa = PBXContainerItemProxy;
			containerPortal = CE3283222A21E19500A0395D /* Project object */;
			proxyType = 1;
			remoteGlobalIDString = CEF237732A2B0E8400E152F8;
			remoteInfo = "cycript-server-host";
		};
/* End PBXContainerItemProxy section */

/* Begin PBXFileReference section */
		CE3283422A21E8D300A0395D /* cycript_wrapper.framework */ = {isa = PBXFileReference; explicitFileType = wrapper.framework; includeInIndex = 0; path = cycript_wrapper.framework; sourceTree = BUILT_PRODUCTS_DIR; };
		CEF237742A2B0E8400E152F8 /* cycript_server_host.framework */ = {isa = PBXFileReference; explicitFileType = wrapper.framework; includeInIndex = 0; path = cycript_server_host.framework; sourceTree = BUILT_PRODUCTS_DIR; };
		CEF2377F2A2B0ED300E152F8 /* cycript_server.m */ = {isa = PBXFileReference; lastKnownFileType = sourcecode.c.objc; path = cycript_server.m; sourceTree = SOURCE_ROOT; };
/* End PBXFileReference section */

/* Begin PBXFileSystemSynchronizedBuildFileExceptionSet section */
		5F7788692D41262100DC18F6 /* PBXFileSystemSynchronizedBuildFileExceptionSet */ = {
			isa = PBXFileSystemSynchronizedBuildFileExceptionSet;
			membershipExceptions = (
				deploy.py,
				ents.xml,
			);
			target = CE3283412A21E8D300A0395D /* cycript-wrapper */;
		};
/* End PBXFileSystemSynchronizedBuildFileExceptionSet section */

/* Begin PBXFileSystemSynchronizedRootGroup section */
		5F7788682D41262100DC18F6 /* deploy */ = {isa = PBXFileSystemSynchronizedRootGroup; exceptions = (5F7788692D41262100DC18F6 /* PBXFileSystemSynchronizedBuildFileExceptionSet */, ); explicitFileTypes = {}; explicitFolders = (); path = deploy; sourceTree = "<group>"; };
		5F77886A2D41264800DC18F6 /* cli-wrapper */ = {isa = PBXFileSystemSynchronizedRootGroup; explicitFileTypes = {}; explicitFolders = (); path = "cli-wrapper"; sourceTree = "<group>"; };
/* End PBXFileSystemSynchronizedRootGroup section */

/* Begin PBXFrameworksBuildPhase section */
		CE32833F2A21E8D300A0395D /* Frameworks */ = {
			isa = PBXFrameworksBuildPhase;
			buildActionMask = 2147483647;
			files = (
			);
			runOnlyForDeploymentPostprocessing = 0;
		};
		CEF237712A2B0E8400E152F8 /* Frameworks */ = {
			isa = PBXFrameworksBuildPhase;
			buildActionMask = 2147483647;
			files = (
			);
			runOnlyForDeploymentPostprocessing = 0;
		};
/* End PBXFrameworksBuildPhase section */

/* Begin PBXGroup section */
		CE3283212A21E19500A0395D = {
			isa = PBXGroup;
			children = (
				5F7788682D41262100DC18F6 /* deploy */,
				CEF2377F2A2B0ED300E152F8 /* cycript_server.m */,
				5F77886A2D41264800DC18F6 /* cli-wrapper */,
				CE32832C2A21E19500A0395D /* Products */,
			);
			sourceTree = "<group>";
		};
		CE32832C2A21E19500A0395D /* Products */ = {
			isa = PBXGroup;
			children = (
				CE3283422A21E8D300A0395D /* cycript_wrapper.framework */,
				CEF237742A2B0E8400E152F8 /* cycript_server_host.framework */,
			);
			name = Products;
			sourceTree = "<group>";
		};
/* End PBXGroup section */

/* Begin PBXHeadersBuildPhase section */
		CE32833D2A21E8D300A0395D /* Headers */ = {
			isa = PBXHeadersBuildPhase;
			buildActionMask = 2147483647;
			files = (
			);
			runOnlyForDeploymentPostprocessing = 0;
		};
		CEF2376F2A2B0E8400E152F8 /* Headers */ = {
			isa = PBXHeadersBuildPhase;
			buildActionMask = 2147483647;
			files = (
			);
			runOnlyForDeploymentPostprocessing = 0;
		};
/* End PBXHeadersBuildPhase section */

/* Begin PBXLegacyTarget section */
		CE3283572A21E96E00A0395D /* build-and-deploy */ = {
			isa = PBXLegacyTarget;
			buildArgumentsString = deploy/deploy.py;
			buildConfigurationList = CE3283582A21E96E00A0395D /* Build configuration list for PBXLegacyTarget "build-and-deploy" */;
			buildPhases = (
			);
			buildToolPath = python3;
			buildWorkingDirectory = "";
			dependencies = (
				5F7788412D41206000DC18F6 /* PBXTargetDependency */,
				CEF2377C2A2B0E9800E152F8 /* PBXTargetDependency */,
			);
			name = "build-and-deploy";
			passBuildSettingsInEnvironment = 1;
			productName = "build-and-deploy";
		};
/* End PBXLegacyTarget section */

/* Begin PBXNativeTarget section */
		CE3283412A21E8D300A0395D /* cycript-wrapper */ = {
			isa = PBXNativeTarget;
			buildConfigurationList = CE3283462A21E8D300A0395D /* Build configuration list for PBXNativeTarget "cycript-wrapper" */;
			buildPhases = (
				CE32833D2A21E8D300A0395D /* Headers */,
				CE32833E2A21E8D300A0395D /* Sources */,
				CE32833F2A21E8D300A0395D /* Frameworks */,
				CE3283402A21E8D300A0395D /* Resources */,
			);
			buildRules = (
			);
			dependencies = (
				CEF2377E2A2B0EA400E152F8 /* PBXTargetDependency */,
			);
			fileSystemSynchronizedGroups = (
				5F7788682D41262100DC18F6 /* deploy */,
				5F77886A2D41264800DC18F6 /* cli-wrapper */,
			);
			name = "cycript-wrapper";
			productName = "cycript-wrapper";
			productReference = CE3283422A21E8D300A0395D /* cycript_wrapper.framework */;
			productType = "com.apple.product-type.framework";
		};
		CEF237732A2B0E8400E152F8 /* cycript-server-host */ = {
			isa = PBXNativeTarget;
			buildConfigurationList = CEF2377A2A2B0E8400E152F8 /* Build configuration list for PBXNativeTarget "cycript-server-host" */;
			buildPhases = (
				CEF2376F2A2B0E8400E152F8 /* Headers */,
				CEF237702A2B0E8400E152F8 /* Sources */,
				CEF237712A2B0E8400E152F8 /* Frameworks */,
				CEF237722A2B0E8400E152F8 /* Resources */,
				CEF237822A2B121A00E152F8 /* ShellScript */,
			);
			buildRules = (
			);
			dependencies = (
			);
			name = "cycript-server-host";
			productName = "cycript-server-host";
			productReference = CEF237742A2B0E8400E152F8 /* cycript_server_host.framework */;
			productType = "com.apple.product-type.framework";
		};
/* End PBXNativeTarget section */

/* Begin PBXProject section */
		CE3283222A21E19500A0395D /* Project object */ = {
			isa = PBXProject;
			attributes = {
				BuildIndependentTargetsInParallel = 1;
				LastUpgradeCheck = 1400;
				TargetAttributes = {
					CE3283412A21E8D300A0395D = {
						CreatedOnToolsVersion = 14.0.1;
					};
					CE3283572A21E96E00A0395D = {
						CreatedOnToolsVersion = 14.0.1;
					};
					CEF237732A2B0E8400E152F8 = {
						CreatedOnToolsVersion = 14.0.1;
					};
				};
			};
			buildConfigurationList = CE3283252A21E19500A0395D /* Build configuration list for PBXProject "cycript-patcher" */;
			compatibilityVersion = "Xcode 14.0";
			developmentRegion = en;
			hasScannedForEncodings = 0;
			knownRegions = (
				en,
				Base,
			);
			mainGroup = CE3283212A21E19500A0395D;
			productRefGroup = CE32832C2A21E19500A0395D /* Products */;
			projectDirPath = "";
			projectRoot = "";
			targets = (
				CE3283412A21E8D300A0395D /* cycript-wrapper */,
				CE3283572A21E96E00A0395D /* build-and-deploy */,
				CEF237732A2B0E8400E152F8 /* cycript-server-host */,
			);
		};
/* End PBXProject section */

/* Begin PBXResourcesBuildPhase section */
		CE3283402A21E8D300A0395D /* Resources */ = {
			isa = PBXResourcesBuildPhase;
			buildActionMask = 2147483647;
			files = (
			);
			runOnlyForDeploymentPostprocessing = 0;
		};
		CEF237722A2B0E8400E152F8 /* Resources */ = {
			isa = PBXResourcesBuildPhase;
			buildActionMask = 2147483647;
			files = (
			);
			runOnlyForDeploymentPostprocessing = 0;
		};
/* End PBXResourcesBuildPhase section */

/* Begin PBXShellScriptBuildPhase section */
		CEF237822A2B121A00E152F8 /* ShellScript */ = {
			isa = PBXShellScriptBuildPhase;
			alwaysOutOfDate = 1;
			buildActionMask = 2147483647;
			files = (
			);
			inputFileListPaths = (
			);
			inputPaths = (
			);
			outputFileListPaths = (
			);
			outputPaths = (
			);
			runOnlyForDeploymentPostprocessing = 0;
			shellPath = /bin/sh;
			shellScript = "# Type a script or drag a script file from your workspace to insert its path.\n/opt/homebrew/bin/ldid2 -S \"${BUILD_DIR}/${CONFIGURATION}-iphoneos/cycript_server_host.framework/cycript_server_host\"\n";
		};
/* End PBXShellScriptBuildPhase section */

/* Begin PBXSourcesBuildPhase section */
		CE32833E2A21E8D300A0395D /* Sources */ = {
			isa = PBXSourcesBuildPhase;
			buildActionMask = 2147483647;
			files = (
			);
			runOnlyForDeploymentPostprocessing = 0;
		};
		CEF237702A2B0E8400E152F8 /* Sources */ = {
			isa = PBXSourcesBuildPhase;
			buildActionMask = 2147483647;
			files = (
				CEF237832A2B17A000E152F8 /* cycript_server.m in Sources */,
			);
			runOnlyForDeploymentPostprocessing = 0;
		};
/* End PBXSourcesBuildPhase section */

/* Begin PBXTargetDependency section */
		5F7788412D41206000DC18F6 /* PBXTargetDependency */ = {
			isa = PBXTargetDependency;
			target = CE3283412A21E8D300A0395D /* cycript-wrapper */;
			targetProxy = 5F7788402D41206000DC18F6 /* PBXContainerItemProxy */;
		};
		CEF2377C2A2B0E9800E152F8 /* PBXTargetDependency */ = {
			isa = PBXTargetDependency;
			target = CEF237732A2B0E8400E152F8 /* cycript-server-host */;
			targetProxy = CEF2377B2A2B0E9800E152F8 /* PBXContainerItemProxy */;
		};
		CEF2377E2A2B0EA400E152F8 /* PBXTargetDependency */ = {
			isa = PBXTargetDependency;
			target = CEF237732A2B0E8400E152F8 /* cycript-server-host */;
			targetProxy = CEF2377D2A2B0EA400E152F8 /* PBXContainerItemProxy */;
		};
/* End PBXTargetDependency section */

/* Begin XCBuildConfiguration section */
		CE3283302A21E19500A0395D /* Debug */ = {
			isa = XCBuildConfiguration;
			buildSettings = {
				ALWAYS_SEARCH_USER_PATHS = NO;
				CLANG_ANALYZER_NONNULL = YES;
				CLANG_ANALYZER_NUMBER_OBJECT_CONVERSION = YES_AGGRESSIVE;
				CLANG_CXX_LANGUAGE_STANDARD = "gnu++20";
				CLANG_ENABLE_MODULES = YES;
				CLANG_ENABLE_OBJC_ARC = YES;
				CLANG_ENABLE_OBJC_WEAK = YES;
				CLANG_WARN_BLOCK_CAPTURE_AUTORELEASING = YES;
				CLANG_WARN_BOOL_CONVERSION = YES;
				CLANG_WARN_COMMA = YES;
				CLANG_WARN_CONSTANT_CONVERSION = YES;
				CLANG_WARN_DEPRECATED_OBJC_IMPLEMENTATIONS = YES;
				CLANG_WARN_DIRECT_OBJC_ISA_USAGE = YES_ERROR;
				CLANG_WARN_DOCUMENTATION_COMMENTS = YES;
				CLANG_WARN_EMPTY_BODY = YES;
				CLANG_WARN_ENUM_CONVERSION = YES;
				CLANG_WARN_INFINITE_RECURSION = YES;
				CLANG_WARN_INT_CONVERSION = YES;
				CLANG_WARN_NON_LITERAL_NULL_CONVERSION = YES;
				CLANG_WARN_OBJC_IMPLICIT_RETAIN_SELF = YES;
				CLANG_WARN_OBJC_LITERAL_CONVERSION = YES;
				CLANG_WARN_OBJC_ROOT_CLASS = YES_ERROR;
				CLANG_WARN_QUOTED_INCLUDE_IN_FRAMEWORK_HEADER = YES;
				CLANG_WARN_RANGE_LOOP_ANALYSIS = YES;
				CLANG_WARN_STRICT_PROTOTYPES = YES;
				CLANG_WARN_SUSPICIOUS_MOVE = YES;
				CLANG_WARN_UNGUARDED_AVAILABILITY = YES_AGGRESSIVE;
				CLANG_WARN_UNREACHABLE_CODE = YES;
				CLANG_WARN__DUPLICATE_METHOD_MATCH = YES;
				COPY_PHASE_STRIP = NO;
				CURRENT_PROJECT_VERSION = 1;
				DEBUG_INFORMATION_FORMAT = dwarf;
				ENABLE_STRICT_OBJC_MSGSEND = YES;
				ENABLE_TESTABILITY = YES;
				GCC_C_LANGUAGE_STANDARD = gnu11;
				GCC_DYNAMIC_NO_PIC = NO;
				GCC_NO_COMMON_BLOCKS = YES;
				GCC_OPTIMIZATION_LEVEL = 0;
				GCC_PREPROCESSOR_DEFINITIONS = (
					"DEBUG=1",
					"$(inherited)",
				);
				GCC_WARN_64_TO_32_BIT_CONVERSION = YES;
				GCC_WARN_ABOUT_RETURN_TYPE = YES_ERROR;
				GCC_WARN_UNDECLARED_SELECTOR = YES;
				GCC_WARN_UNINITIALIZED_AUTOS = YES_AGGRESSIVE;
				GCC_WARN_UNUSED_FUNCTION = YES;
				GCC_WARN_UNUSED_VARIABLE = YES;
				IPHONEOS_DEPLOYMENT_TARGET = 15.0;
				MTL_ENABLE_DEBUG_INFO = INCLUDE_SOURCE;
				MTL_FAST_MATH = YES;
				ONLY_ACTIVE_ARCH = YES;
				SDKROOT = iphoneos;
				TVOS_DEPLOYMENT_TARGET = 16.0;
				VERSIONING_SYSTEM = "apple-generic";
				VERSION_INFO_PREFIX = "";
			};
			name = Debug;
		};
		CE3283312A21E19500A0395D /* Release */ = {
			isa = XCBuildConfiguration;
			buildSettings = {
				ALWAYS_SEARCH_USER_PATHS = NO;
				CLANG_ANALYZER_NONNULL = YES;
				CLANG_ANALYZER_NUMBER_OBJECT_CONVERSION = YES_AGGRESSIVE;
				CLANG_CXX_LANGUAGE_STANDARD = "gnu++20";
				CLANG_ENABLE_MODULES = YES;
				CLANG_ENABLE_OBJC_ARC = YES;
				CLANG_ENABLE_OBJC_WEAK = YES;
				CLANG_WARN_BLOCK_CAPTURE_AUTORELEASING = YES;
				CLANG_WARN_BOOL_CONVERSION = YES;
				CLANG_WARN_COMMA = YES;
				CLANG_WARN_CONSTANT_CONVERSION = YES;
				CLANG_WARN_DEPRECATED_OBJC_IMPLEMENTATIONS = YES;
				CLANG_WARN_DIRECT_OBJC_ISA_USAGE = YES_ERROR;
				CLANG_WARN_DOCUMENTATION_COMMENTS = YES;
				CLANG_WARN_EMPTY_BODY = YES;
				CLANG_WARN_ENUM_CONVERSION = YES;
				CLANG_WARN_INFINITE_RECURSION = YES;
				CLANG_WARN_INT_CONVERSION = YES;
				CLANG_WARN_NON_LITERAL_NULL_CONVERSION = YES;
				CLANG_WARN_OBJC_IMPLICIT_RETAIN_SELF = YES;
				CLANG_WARN_OBJC_LITERAL_CONVERSION = YES;
				CLANG_WARN_OBJC_ROOT_CLASS = YES_ERROR;
				CLANG_WARN_QUOTED_INCLUDE_IN_FRAMEWORK_HEADER = YES;
				CLANG_WARN_RANGE_LOOP_ANALYSIS = YES;
				CLANG_WARN_STRICT_PROTOTYPES = YES;
				CLANG_WARN_SUSPICIOUS_MOVE = YES;
				CLANG_WARN_UNGUARDED_AVAILABILITY = YES_AGGRESSIVE;
				CLANG_WARN_UNREACHABLE_CODE = YES;
				CLANG_WARN__DUPLICATE_METHOD_MATCH = YES;
				COPY_PHASE_STRIP = NO;
				CURRENT_PROJECT_VERSION = 1;
				DEBUG_INFORMATION_FORMAT = "dwarf-with-dsym";
				ENABLE_NS_ASSERTIONS = NO;
				ENABLE_STRICT_OBJC_MSGSEND = YES;
				GCC_C_LANGUAGE_STANDARD = gnu11;
				GCC_NO_COMMON_BLOCKS = YES;
				GCC_WARN_64_TO_32_BIT_CONVERSION = YES;
				GCC_WARN_ABOUT_RETURN_TYPE = YES_ERROR;
				GCC_WARN_UNDECLARED_SELECTOR = YES;
				GCC_WARN_UNINITIALIZED_AUTOS = YES_AGGRESSIVE;
				GCC_WARN_UNUSED_FUNCTION = YES;
				GCC_WARN_UNUSED_VARIABLE = YES;
				IPHONEOS_DEPLOYMENT_TARGET = 15.0;
				MTL_ENABLE_DEBUG_INFO = NO;
				MTL_FAST_MATH = YES;
				SDKROOT = iphoneos;
				TVOS_DEPLOYMENT_TARGET = 16.0;
				VALIDATE_PRODUCT = YES;
				VERSIONING_SYSTEM = "apple-generic";
				VERSION_INFO_PREFIX = "";
			};
			name = Release;
		};
		CE3283472A21E8D300A0395D /* Debug */ = {
			isa = XCBuildConfiguration;
			buildSettings = {
				ARCHS = "$(ARCHS_STANDARD)";
				CODE_SIGN_STYLE = Automatic;
				CURRENT_PROJECT_VERSION = 1;
				DEFINES_MODULE = YES;
				DEVELOPMENT_TEAM = B2EWK89Q2H;
				DYLIB_INSTALL_NAME_BASE = "@rpath";
				GENERATE_INFOPLIST_FILE = YES;
				INFOPLIST_KEY_NSHumanReadableCopyright = "";
				INSTALL_PATH = "$(LOCAL_LIBRARY_DIR)/Frameworks";
				LD_RUNPATH_SEARCH_PATHS = (
					"$(inherited)",
					"@executable_path/Frameworks",
					"@loader_path/Frameworks",
				);
				MACH_O_TYPE = mh_execute;
				MARKETING_VERSION = 1.0;
				OTHER_LDFLAGS = (
					"-sectcreate",
					__CONST,
					__server_dylib,
					"\"${BUILD_DIR}/${CONFIGURATION}-iphoneos/cycript_server_host.framework/cycript_server_host\"",
				);
				PRODUCT_BUNDLE_IDENTIFIER = "com.objc.cycript-wrapper";
				PRODUCT_NAME = "$(TARGET_NAME:c99extidentifier)";
				SKIP_INSTALL = YES;
				SUPPORTED_PLATFORMS = "appletvos appletvsimulator iphoneos iphonesimulator";
				SUPPORTS_MACCATALYST = NO;
				SWIFT_EMIT_LOC_STRINGS = YES;
				TARGETED_DEVICE_FAMILY = "1,3";
			};
			name = Debug;
		};
		CE3283482A21E8D300A0395D /* Release */ = {
			isa = XCBuildConfiguration;
			buildSettings = {
				ARCHS = "$(ARCHS_STANDARD)";
				CODE_SIGN_STYLE = Automatic;
				CURRENT_PROJECT_VERSION = 1;
				DEFINES_MODULE = YES;
				DEVELOPMENT_TEAM = B2EWK89Q2H;
				DYLIB_INSTALL_NAME_BASE = "@rpath";
				GENERATE_INFOPLIST_FILE = YES;
				INFOPLIST_KEY_NSHumanReadableCopyright = "";
				INSTALL_PATH = "$(LOCAL_LIBRARY_DIR)/Frameworks";
				LD_RUNPATH_SEARCH_PATHS = (
					"$(inherited)",
					"@executable_path/Frameworks",
					"@loader_path/Frameworks",
				);
				MACH_O_TYPE = mh_execute;
				MARKETING_VERSION = 1.0;
				OTHER_LDFLAGS = (
					"-sectcreate",
					__CONST,
					__server_dylib,
					"\"${BUILD_DIR}/${CONFIGURATION}-iphoneos/cycript_server_host.framework/cycript_server_host\"",
				);
				PRODUCT_BUNDLE_IDENTIFIER = "com.objc.cycript-wrapper";
				PRODUCT_NAME = "$(TARGET_NAME:c99extidentifier)";
				SKIP_INSTALL = YES;
				SUPPORTED_PLATFORMS = "appletvos appletvsimulator iphoneos iphonesimulator";
				SUPPORTS_MACCATALYST = NO;
				SWIFT_EMIT_LOC_STRINGS = YES;
				TARGETED_DEVICE_FAMILY = "1,3";
			};
			name = Release;
		};
		CE3283592A21E96E00A0395D /* Debug */ = {
			isa = XCBuildConfiguration;
			buildSettings = {
				CODE_SIGN_STYLE = Automatic;
				DEBUGGING_SYMBOLS = YES;
				DEBUG_INFORMATION_FORMAT = dwarf;
				DEVELOPMENT_TEAM = 44L979X757;
				GCC_GENERATE_DEBUGGING_SYMBOLS = YES;
				GCC_OPTIMIZATION_LEVEL = 0;
				OTHER_CFLAGS = "";
				OTHER_LDFLAGS = "";
				PRODUCT_NAME = "$(TARGET_NAME)";
			};
			name = Debug;
		};
		CE32835A2A21E96E00A0395D /* Release */ = {
			isa = XCBuildConfiguration;
			buildSettings = {
				CODE_SIGN_STYLE = Automatic;
				DEBUG_INFORMATION_FORMAT = "dwarf-with-dsym";
				DEVELOPMENT_TEAM = 44L979X757;
				OTHER_CFLAGS = "";
				OTHER_LDFLAGS = "";
				PRODUCT_NAME = "$(TARGET_NAME)";
			};
			name = Release;
		};
		CEF237782A2B0E8400E152F8 /* Debug */ = {
			isa = XCBuildConfiguration;
			buildSettings = {
				ARCHS = (
					"$(ARCHS_STANDARD)",
					arm64e,
				);
				CODE_SIGN_STYLE = Automatic;
				CURRENT_PROJECT_VERSION = 1;
				DEFINES_MODULE = YES;
				DEVELOPMENT_TEAM = B2EWK89Q2H;
				DYLIB_COMPATIBILITY_VERSION = 1;
				DYLIB_CURRENT_VERSION = 1;
				DYLIB_INSTALL_NAME_BASE = "@rpath";
				GENERATE_INFOPLIST_FILE = YES;
				INFOPLIST_KEY_NSHumanReadableCopyright = "";
				INSTALL_PATH = "$(LOCAL_LIBRARY_DIR)/Frameworks";
				LD_RUNPATH_SEARCH_PATHS = (
					"$(inherited)",
					"@executable_path/Frameworks",
					"@loader_path/Frameworks",
				);
				MARKETING_VERSION = 1.0;
				PRODUCT_BUNDLE_IDENTIFIER = "com.objc.cycript-server-host";
				PRODUCT_NAME = "$(TARGET_NAME:c99extidentifier)";
				SKIP_INSTALL = YES;
				SWIFT_EMIT_LOC_STRINGS = YES;
				TARGETED_DEVICE_FAMILY = 3;
			};
			name = Debug;
		};
		CEF237792A2B0E8400E152F8 /* Release */ = {
			isa = XCBuildConfiguration;
			buildSettings = {
				ARCHS = (
					"$(ARCHS_STANDARD)",
					arm64e,
				);
				CODE_SIGN_STYLE = Automatic;
				CURRENT_PROJECT_VERSION = 1;
				DEFINES_MODULE = YES;
				DEVELOPMENT_TEAM = B2EWK89Q2H;
				DYLIB_COMPATIBILITY_VERSION = 1;
				DYLIB_CURRENT_VERSION = 1;
				DYLIB_INSTALL_NAME_BASE = "@rpath";
				GENERATE_INFOPLIST_FILE = YES;
				INFOPLIST_KEY_NSHumanReadableCopyright = "";
				INSTALL_PATH = "$(LOCAL_LIBRARY_DIR)/Frameworks";
				LD_RUNPATH_SEARCH_PATHS = (
					"$(inherited)",
					"@executable_path/Frameworks",
					"@loader_path/Frameworks",
				);
				MARKETING_VERSION = 1.0;
				PRODUCT_BUNDLE_IDENTIFIER = "com.objc.cycript-server-host";
				PRODUCT_NAME = "$(TARGET_NAME:c99extidentifier)";
				SKIP_INSTALL = YES;
				SWIFT_EMIT_LOC_STRINGS = YES;
				TARGETED_DEVICE_FAMILY = 3;
			};
			name = Release;
		};
/* End XCBuildConfiguration section */

/* Begin XCConfigurationList section */
		CE3283252A21E19500A0395D /* Build configuration list for PBXProject "cycript-patcher" */ = {
			isa = XCConfigurationList;
			buildConfigurations = (
				CE3283302A21E19500A0395D /* Debug */,
				CE3283312A21E19500A0395D /* Release */,
			);
			defaultConfigurationIsVisible = 0;
			defaultConfigurationName = Release;
		};
		CE3283462A21E8D300A0395D /* Build configuration list for PBXNativeTarget "cycript-wrapper" */ = {
			isa = XCConfigurationList;
			buildConfigurations = (
				CE3283472A21E8D300A0395D /* Debug */,
				CE3283482A21E8D300A0395D /* Release */,
			);
			defaultConfigurationIsVisible = 0;
			defaultConfigurationName = Release;
		};
		CE3283582A21E96E00A0395D /* Build configuration list for PBXLegacyTarget "build-and-deploy" */ = {
			isa = XCConfigurationList;
			buildConfigurations = (
				CE3283592A21E96E00A0395D /* Debug */,
				CE32835A2A21E96E00A0395D /* Release */,
			);
			defaultConfigurationIsVisible = 0;
			defaultConfigurationName = Release;
		};
		CEF2377A2A2B0E8400E152F8 /* Build configuration list for PBXNativeTarget "cycript-server-host" */ = {
			isa = XCConfigurationList;
			buildConfigurations = (
				CEF237782A2B0E8400E152F8 /* Debug */,
				CEF237792A2B0E8400E152F8 /* Release */,
			);
			defaultConfigurationIsVisible = 0;
			defaultConfigurationName = Release;
		};
/* End XCConfigurationList section */
	};
	rootObject = CE3283222A21E19500A0395D /* Project object */;
}
